
Microsoft Visual Studio Solution File, Format Version 11.00
# Visual Studio 2010
Project("{00000000-0000-0000-0000-000000000000}") = "HousingSolution", "HousingSolution\HousingSolution.csproj", "{2D354802-00DB-43C9-AE92-045CEB12789F}"
EndProject
Global
	GlobalSection(SolutionConfigurationPlatforms) = preSolution
		Debug|Any CPU = Debug|Any CPU
		Release|Any CPU = Release|Any CPU
	EndGlobalSection
	GlobalSection(ProjectConfigurationPlatforms) = postSolution
		{2D354802-00DB-43C9-AE92-045CEB12789F}.Debug|Any CPU.ActiveCfg = Debug|Any CPU
		{2D354802-00DB-43C9-AE92-045CEB12789F}.Debug|Any CPU.Build.0 = Debug|Any CPU
		{2D354802-00DB-43C9-AE92-045CEB12789F}.Release|Any CPU.ActiveCfg = Release|Any CPU
		{2D354802-00DB-43C9-AE92-045CEB12789F}.Release|Any CPU.Build.0 = Release|Any CPU
	EndGlobalSection
	GlobalSection(SolutionProperties) = preSolution
		HideSolutionNode = FALSE
	EndGlobalSection
EndGlobal
